// !$*UTF8*$!
{
	archiveVersion = 1;
	classes = {
	};
	objectVersion = 50;
	objects = {

/* Begin PBXBuildFile section */
		A100A3422376233A001C4A48 /* CanvasView.swift in Sources */ = {isa = PBXBuildFile; fileRef = A100A3412376233A001C4A48 /* CanvasView.swift */; };
		A56E614E237254A50016277C /* AppDelegate.swift in Sources */ = {isa = PBXBuildFile; fileRef = A56E614D237254A50016277C /* AppDelegate.swift */; };
		A56E6150237254A50016277C /* ViewController.swift in Sources */ = {isa = PBXBuildFile; fileRef = A56E614F237254A50016277C /* ViewController.swift */; };
		A56E6153237254A50016277C /* Main.storyboard in Resources */ = {isa = PBXBuildFile; fileRef = A56E6151237254A50016277C /* Main.storyboard */; };
		A56E6155237254A80016277C /* Assets.xcassets in Resources */ = {isa = PBXBuildFile; fileRef = A56E6154237254A80016277C /* Assets.xcassets */; };
		A56E6158237254A80016277C /* LaunchScreen.storyboard in Resources */ = {isa = PBXBuildFile; fileRef = A56E6156237254A80016277C /* LaunchScreen.storyboard */; };
		A56E6163237254A80016277C /* Contest01Tests.swift in Sources */ = {isa = PBXBuildFile; fileRef = A56E6162237254A80016277C /* Contest01Tests.swift */; };
/* End PBXBuildFile section */

/* Begin PBXContainerItemProxy section */
		A56E615F237254A80016277C /* PBXContainerItemProxy */ = {
			isa = PBXContainerItemProxy;
			containerPortal = A56E6142237254A40016277C /* Project object */;
			proxyType = 1;
			remoteGlobalIDString = A56E6149237254A50016277C;
			remoteInfo = Contest01;
		};
/* End PBXContainerItemProxy section */

/* Begin PBXFileReference section */
		A100A3412376233A001C4A48 /* CanvasView.swift */ = {isa = PBXFileReference; lastKnownFileType = sourcecode.swift; path = CanvasView.swift; sourceTree = "<group>"; };
		A56E614A237254A50016277C /* Contest01.app */ = {isa = PBXFileReference; explicitFileType = wrapper.application; includeInIndex = 0; path = Contest01.app; sourceTree = BUILT_PRODUCTS_DIR; };
		A56E614D237254A50016277C /* AppDelegate.swift */ = {isa = PBXFileReference; lastKnownFileType = sourcecode.swift; path = AppDelegate.swift; sourceTree = "<group>"; };
		A56E614F237254A50016277C /* ViewController.swift */ = {isa = PBXFileReference; lastKnownFileType = sourcecode.swift; path = ViewController.swift; sourceTree = "<group>"; };
		A56E6152237254A50016277C /* Base */ = {isa = PBXFileReference; lastKnownFileType = file.storyboard; name = Base; path = Base.lproj/Main.storyboard; sourceTree = "<group>"; };
		A56E6154237254A80016277C /* Assets.xcassets */ = {isa = PBXFileReference; lastKnownFileType = folder.assetcatalog; path = Assets.xcassets; sourceTree = "<group>"; };
		A56E6157237254A80016277C /* Base */ = {isa = PBXFileReference; lastKnownFileType = file.storyboard; name = Base; path = Base.lproj/LaunchScreen.storyboard; sourceTree = "<group>"; };
		A56E6159237254A80016277C /* Info.plist */ = {isa = PBXFileReference; lastKnownFileType = text.plist.xml; path = Info.plist; sourceTree = "<group>"; };
		A56E615E237254A80016277C /* Contest01Tests.xctest */ = {isa = PBXFileReference; explicitFileType = wrapper.cfbundle; includeInIndex = 0; path = Contest01Tests.xctest; sourceTree = BUILT_PRODUCTS_DIR; };
		A56E6162237254A80016277C /* Contest01Tests.swift */ = {isa = PBXFileReference; lastKnownFileType = sourcecode.swift; path = Contest01Tests.swift; sourceTree = "<group>"; };
		A56E6164237254A80016277C /* Info.plist */ = {isa = PBXFileReference; lastKnownFileType = text.plist.xml; path = Info.plist; sourceTree = "<group>"; };
/* End PBXFileReference section */

/* Begin PBXFrameworksBuildPhase section */
		A56E6147237254A50016277C /* Frameworks */ = {
			isa = PBXFrameworksBuildPhase;
			buildActionMask = 2147483647;
			files = (
			);
			runOnlyForDeploymentPostprocessing = 0;
		};
		A56E615B237254A80016277C /* Frameworks */ = {
			isa = PBXFrameworksBuildPhase;
			buildActionMask = 2147483647;
			files = (
			);
			runOnlyForDeploymentPostprocessing = 0;
		};
/* End PBXFrameworksBuildPhase section */

/* Begin PBXGroup section */
		A56E6141237254A40016277C = {
			isa = PBXGroup;
			children = (
				A56E614C237254A50016277C /* Contest01 */,
				A56E6161237254A80016277C /* Contest01Tests */,
				A56E614B237254A50016277C /* Products */,
			);
			sourceTree = "<group>";
		};
		A56E614B237254A50016277C /* Products */ = {
			isa = PBXGroup;
			children = (
				A56E614A237254A50016277C /* Contest01.app */,
				A56E615E237254A80016277C /* Contest01Tests.xctest */,
			);
			name = Products;
			sourceTree = "<group>";
		};
		A56E614C237254A50016277C /* Contest01 */ = {
			isa = PBXGroup;
			children = (
				A56E614D237254A50016277C /* AppDelegate.swift */,
				A56E614F237254A50016277C /* ViewController.swift */,
				A56E6151237254A50016277C /* Main.storyboard */,
				A56E6154237254A80016277C /* Assets.xcassets */,
				A56E6156237254A80016277C /* LaunchScreen.storyboard */,
				A56E6159237254A80016277C /* Info.plist */,
				A100A3412376233A001C4A48 /* CanvasView.swift */,
			);
			path = Contest01;
			sourceTree = "<group>";
		};
		A56E6161237254A80016277C /* Contest01Tests */ = {
			isa = PBXGroup;
			children = (
				A56E6162237254A80016277C /* Contest01Tests.swift */,
				A56E6164237254A80016277C /* Info.plist */,
			);
			path = Contest01Tests;
			sourceTree = "<group>";
		};
/* End PBXGroup section */

/* Begin PBXNativeTarget section */
		A56E6149237254A50016277C /* Contest01 */ = {
			isa = PBXNativeTarget;
			buildConfigurationList = A56E6167237254A80016277C /* Build configuration list for PBXNativeTarget "Contest01" */;
			buildPhases = (
				A56E6146237254A50016277C /* Sources */,
				A56E6147237254A50016277C /* Frameworks */,
				A56E6148237254A50016277C /* Resources */,
			);
			buildRules = (
			);
			dependencies = (
			);
			name = Contest01;
			productName = Contest01;
			productReference = A56E614A237254A50016277C /* Contest01.app */;
			productType = "com.apple.product-type.application";
		};
		A56E615D237254A80016277C /* Contest01Tests */ = {
			isa = PBXNativeTarget;
			buildConfigurationList = A56E616A237254A80016277C /* Build configuration list for PBXNativeTarget "Contest01Tests" */;
			buildPhases = (
				A56E615A237254A80016277C /* Sources */,
				A56E615B237254A80016277C /* Frameworks */,
				A56E615C237254A80016277C /* Resources */,
			);
			buildRules = (
			);
			dependencies = (
				A56E6160237254A80016277C /* PBXTargetDependency */,
			);
			name = Contest01Tests;
			productName = Contest01Tests;
			productReference = A56E615E237254A80016277C /* Contest01Tests.xctest */;
			productType = "com.apple.product-type.bundle.unit-test";
		};
/* End PBXNativeTarget section */

/* Begin PBXProject section */
		A56E6142237254A40016277C /* Project object */ = {
			isa = PBXProject;
			attributes = {
				LastSwiftUpdateCheck = 1020;
				LastUpgradeCheck = 1020;
				ORGANIZATIONNAME = "Angie Yan";
				TargetAttributes = {
					A56E6149237254A50016277C = {
						CreatedOnToolsVersion = 10.2.1;
					};
					A56E615D237254A80016277C = {
						CreatedOnToolsVersion = 10.2.1;
						TestTargetID = A56E6149237254A50016277C;
					};
				};
			};
			buildConfigurationList = A56E6145237254A40016277C /* Build configuration list for PBXProject "Contest01" */;
			compatibilityVersion = "Xcode 9.3";
			developmentRegion = en;
			hasScannedForEncodings = 0;
			knownRegions = (
				en,
				Base,
			);
			mainGroup = A56E6141237254A40016277C;
			productRefGroup = A56E614B237254A50016277C /* Products */;
			projectDirPath = "";
			projectRoot = "";
			targets = (
				A56E6149237254A50016277C /* Contest01 */,
				A56E615D237254A80016277C /* Contest01Tests */,
			);
		};
/* End PBXProject section */

/* Begin PBXResourcesBuildPhase section */
		A56E6148237254A50016277C /* Resources */ = {
			isa = PBXResourcesBuildPhase;
			buildActionMask = 2147483647;
			files = (
				A56E6158237254A80016277C /* LaunchScreen.storyboard in Resources */,
				A56E6155237254A80016277C /* Assets.xcassets in Resources */,
				A56E6153237254A50016277C /* Main.storyboard in Resources */,
			);
			runOnlyForDeploymentPostprocessing = 0;
		};
		A56E615C237254A80016277C /* Resources */ = {
			isa = PBXResourcesBuildPhase;
			buildActionMask = 2147483647;
			files = (
			);
			runOnlyForDeploymentPostprocessing = 0;
		};
/* End PBXResourcesBuildPhase section */

/* Begin PBXSourcesBuildPhase section */
		A56E6146237254A50016277C /* Sources */ = {
			isa = PBXSourcesBuildPhase;
			buildActionMask = 2147483647;
			files = (
				A56E6150237254A50016277C /* ViewController.swift in Sources */,
				A56E614E237254A50016277C /* AppDelegate.swift in Sources */,
				A100A3422376233A001C4A48 /* CanvasView.swift in Sources */,
			);
			runOnlyForDeploymentPostprocessing = 0;
		};
		A56E615A237254A80016277C /* Sources */ = {
			isa = PBXSourcesBuildPhase;
			buildActionMask = 2147483647;
			files = (
				A56E6163237254A80016277C /* Contest01Tests.swift in Sources */,
			);
			runOnlyForDeploymentPostprocessing = 0;
		};
/* End PBXSourcesBuildPhase section */

/* Begin PBXTargetDependency section */
		A56E6160237254A80016277C /* PBXTargetDependency */ = {
			isa = PBXTargetDependency;
			target = A56E6149237254A50016277C /* Contest01 */;
			targetProxy = A56E615F237254A80016277C /* PBXContainerItemProxy */;
		};
/* End PBXTargetDependency section */

/* Begin PBXVariantGroup section */
		A56E6151237254A50016277C /* Main.storyboard */ = {
			isa = PBXVariantGroup;
			children = (
				A56E6152237254A50016277C /* Base */,
			);
			name = Main.storyboard;
			sourceTree = "<group>";
		};
		A56E6156237254A80016277C /* LaunchScreen.storyboard */ = {
			isa = PBXVariantGroup;
			children = (
				A56E6157237254A80016277C /* Base */,
			);
			name = LaunchScreen.storyboard;
			sourceTree = "<group>";
		};
/* End PBXVariantGroup section */

/* Begin XCBuildConfiguration section */
		A56E6165237254A80016277C /* Debug */ = {
			isa = XCBuildConfiguration;
			buildSettings = {
				ALWAYS_SEARCH_USER_PATHS = NO;
				CLANG_ANALYZER_NONNULL = YES;
				CLANG_ANALYZER_NUMBER_OBJECT_CONVERSION = YES_AGGRESSIVE;
				CLANG_CXX_LANGUAGE_STANDARD = "gnu++14";
				CLANG_CXX_LIBRARY = "libc++";
				CLANG_ENABLE_MODULES = YES;
				CLANG_ENABLE_OBJC_ARC = YES;
				CLANG_ENABLE_OBJC_WEAK = YES;
				CLANG_WARN_BLOCK_CAPTURE_AUTORELEASING = YES;
				CLANG_WARN_BOOL_CONVERSION = YES;
				CLANG_WARN_COMMA = YES;
				CLANG_WARN_CONSTANT_CONVERSION = YES;
				CLANG_WARN_DEPRECATED_OBJC_IMPLEMENTATIONS = YES;
				CLANG_WARN_DIRECT_OBJC_ISA_USAGE = YES_ERROR;
				CLANG_WARN_DOCUMENTATION_COMMENTS = YES;
				CLANG_WARN_EMPTY_BODY = YES;
				CLANG_WARN_ENUM_CONVERSION = YES;
				CLANG_WARN_INFINITE_RECURSION = YES;
				CLANG_WARN_INT_CONVERSION = YES;
				CLANG_WARN_NON_LITERAL_NULL_CONVERSION = YES;
				CLANG_WARN_OBJC_IMPLICIT_RETAIN_SELF = YES;
				CLANG_WARN_OBJC_LITERAL_CONVERSION = YES;
				CLANG_WARN_OBJC_ROOT_CLASS = YES_ERROR;
				CLANG_WARN_RANGE_LOOP_ANALYSIS = YES;
				CLANG_WARN_STRICT_PROTOTYPES = YES;
				CLANG_WARN_SUSPICIOUS_MOVE = YES;
				CLANG_WARN_UNGUARDED_AVAILABILITY = YES_AGGRESSIVE;
				CLANG_WARN_UNREACHABLE_CODE = YES;
				CLANG_WARN__DUPLICATE_METHOD_MATCH = YES;
				CODE_SIGN_IDENTITY = "iPhone Developer";
				COPY_PHASE_STRIP = NO;
				DEBUG_INFORMATION_FORMAT = dwarf;
				ENABLE_STRICT_OBJC_MSGSEND = YES;
				ENABLE_TESTABILITY = YES;
				GCC_C_LANGUAGE_STANDARD = gnu11;
				GCC_DYNAMIC_NO_PIC = NO;
				GCC_NO_COMMON_BLOCKS = YES;
				GCC_OPTIMIZATION_LEVEL = 0;
				GCC_PREPROCESSOR_DEFINITIONS = (
					"DEBUG=1",
					"$(inherited)",
				);
				GCC_WARN_64_TO_32_BIT_CONVERSION = YES;
				GCC_WARN_ABOUT_RETURN_TYPE = YES_ERROR;
				GCC_WARN_UNDECLARED_SELECTOR = YES;
				GCC_WARN_UNINITIALIZED_AUTOS = YES_AGGRESSIVE;
				GCC_WARN_UNUSED_FUNCTION = YES;
				GCC_WARN_UNUSED_VARIABLE = YES;
				IPHONEOS_DEPLOYMENT_TARGET = 11.4;
				MTL_ENABLE_DEBUG_INFO = INCLUDE_SOURCE;
				MTL_FAST_MATH = YES;
				ONLY_ACTIVE_ARCH = YES;
				SDKROOT = iphoneos;
				SWIFT_ACTIVE_COMPILATION_CONDITIONS = DEBUG;
				SWIFT_OPTIMIZATION_LEVEL = "-Onone";
				SWIFT_VERSION = 4.0;
			};
			name = Debug;
		};
		A56E6166237254A80016277C /* Release */ = {
			isa = XCBuildConfiguration;
			buildSettings = {
				ALWAYS_SEARCH_USER_PATHS = NO;
				CLANG_ANALYZER_NONNULL = YES;
				CLANG_ANALYZER_NUMBER_OBJECT_CONVERSION = YES_AGGRESSIVE;
				CLANG_CXX_LANGUAGE_STANDARD = "gnu++14";
				CLANG_CXX_LIBRARY = "libc++";
				CLANG_ENABLE_MODULES = YES;
				CLANG_ENABLE_OBJC_ARC = YES;
				CLANG_ENABLE_OBJC_WEAK = YES;
				CLANG_WARN_BLOCK_CAPTURE_AUTORELEASING = YES;
				CLANG_WARN_BOOL_CONVERSION = YES;
				CLANG_WARN_COMMA = YES;
				CLANG_WARN_CONSTANT_CONVERSION = YES;
				CLANG_WARN_DEPRECATED_OBJC_IMPLEMENTATIONS = YES;
				CLANG_WARN_DIRECT_OBJC_ISA_USAGE = YES_ERROR;
				CLANG_WARN_DOCUMENTATION_COMMENTS = YES;
				CLANG_WARN_EMPTY_BODY = YES;
				CLANG_WARN_ENUM_CONVERSION = YES;
				CLANG_WARN_INFINITE_RECURSION = YES;
				CLANG_WARN_INT_CONVERSION = YES;
				CLANG_WARN_NON_LITERAL_NULL_CONVERSION = YES;
				CLANG_WARN_OBJC_IMPLICIT_RETAIN_SELF = YES;
				CLANG_WARN_OBJC_LITERAL_CONVERSION = YES;
				CLANG_WARN_OBJC_ROOT_CLASS = YES_ERROR;
				CLANG_WARN_RANGE_LOOP_ANALYSIS = YES;
				CLANG_WARN_STRICT_PROTOTYPES = YES;
				CLANG_WARN_SUSPICIOUS_MOVE = YES;
				CLANG_WARN_UNGUARDED_AVAILABILITY = YES_AGGRESSIVE;
				CLANG_WARN_UNREACHABLE_CODE = YES;
				CLANG_WARN__DUPLICATE_METHOD_MATCH = YES;
				CODE_SIGN_IDENTITY = "iPhone Developer";
				COPY_PHASE_STRIP = NO;
				DEBUG_INFORMATION_FORMAT = "dwarf-with-dsym";
				ENABLE_NS_ASSERTIONS = NO;
				ENABLE_STRICT_OBJC_MSGSEND = YES;
				GCC_C_LANGUAGE_STANDARD = gnu11;
				GCC_NO_COMMON_BLOCKS = YES;
				GCC_WARN_64_TO_32_BIT_CONVERSION = YES;
				GCC_WARN_ABOUT_RETURN_TYPE = YES_ERROR;
				GCC_WARN_UNDECLARED_SELECTOR = YES;
				GCC_WARN_UNINITIALIZED_AUTOS = YES_AGGRESSIVE;
				GCC_WARN_UNUSED_FUNCTION = YES;
				GCC_WARN_UNUSED_VARIABLE = YES;
				IPHONEOS_DEPLOYMENT_TARGET = 11.4;
				MTL_ENABLE_DEBUG_INFO = NO;
				MTL_FAST_MATH = YES;
				SDKROOT = iphoneos;
				SWIFT_COMPILATION_MODE = wholemodule;
				SWIFT_OPTIMIZATION_LEVEL = "-O";
				SWIFT_VERSION = 4.0;
				VALIDATE_PRODUCT = YES;
			};
			name = Release;
		};
		A56E6168237254A80016277C /* Debug */ = {
			isa = XCBuildConfiguration;
			buildSettings = {
				ASSETCATALOG_COMPILER_APPICON_NAME = AppIcon;
				CODE_SIGN_STYLE = Automatic;
				DEVELOPMENT_TEAM = J8B74FCZCC;
				INFOPLIST_FILE = Contest01/Info.plist;
				IPHONEOS_DEPLOYMENT_TARGET = 11.4;
				LD_RUNPATH_SEARCH_PATHS = (
					"$(inherited)",
					"@executable_path/Frameworks",
				);
				PRODUCT_BUNDLE_IDENTIFIER = com.goldthumb.Contest01;
				PRODUCT_NAME = "$(TARGET_NAME)";
				SWIFT_VERSION = 4.0;
				TARGETED_DEVICE_FAMILY = "1,2";
			};
			name = Debug;
		};
		A56E6169237254A80016277C /* Release */ = {
			isa = XCBuildConfiguration;
			buildSettings = {
				ASSETCATALOG_COMPILER_APPICON_NAME = AppIcon;
				CODE_SIGN_STYLE = Automatic;
				DEVELOPMENT_TEAM = J8B74FCZCC;
				INFOPLIST_FILE = Contest01/Info.plist;
				IPHONEOS_DEPLOYMENT_TARGET = 11.4;
				LD_RUNPATH_SEARCH_PATHS = (
					"$(inherited)",
					"@executable_path/Frameworks",
				);
				PRODUCT_BUNDLE_IDENTIFIER = com.goldthumb.Contest01;
				PRODUCT_NAME = "$(TARGET_NAME)";
				SWIFT_VERSION = 4.0;
				TARGETED_DEVICE_FAMILY = "1,2";
			};
			name = Release;
		};
		A56E616B237254A80016277C /* Debug */ = {
			isa = XCBuildConfiguration;
			buildSettings = {
				ALWAYS_EMBED_SWIFT_STANDARD_LIBRARIES = YES;
				BUNDLE_LOADER = "$(TEST_HOST)";
				CODE_SIGN_STYLE = Automatic;
				INFOPLIST_FILE = Contest01Tests/Info.plist;
				LD_RUNPATH_SEARCH_PATHS = (
					"$(inherited)",
					"@executable_path/Frameworks",
					"@loader_path/Frameworks",
				);
				PRODUCT_BUNDLE_IDENTIFIER = com.goldthumb.Contest01Tests;
				PRODUCT_NAME = "$(TARGET_NAME)";
				SWIFT_VERSION = 5.0;
				TARGETED_DEVICE_FAMILY = "1,2";
				TEST_HOST = "$(BUILT_PRODUCTS_DIR)/Contest01.app/Contest01";
			};
			name = Debug;
		};
		A56E616C237254A80016277C /* Release */ = {
			isa = XCBuildConfiguration;
			buildSettings = {
				ALWAYS_EMBED_SWIFT_STANDARD_LIBRARIES = YES;
				BUNDLE_LOADER = "$(TEST_HOST)";
				CODE_SIGN_STYLE = Automatic;
				INFOPLIST_FILE = Contest01Tests/Info.plist;
				LD_RUNPATH_SEARCH_PATHS = (
					"$(inherited)",
					"@executable_path/Frameworks",
					"@loader_path/Frameworks",
				);
				PRODUCT_BUNDLE_IDENTIFIER = com.goldthumb.Contest01Tests;
				PRODUCT_NAME = "$(TARGET_NAME)";
				SWIFT_VERSION = 5.0;
				TARGETED_DEVICE_FAMILY = "1,2";
				TEST_HOST = "$(BUILT_PRODUCTS_DIR)/Contest01.app/Contest01";
			};
			name = Release;
		};
/* End XCBuildConfiguration section */

/* Begin XCConfigurationList section */
		A56E6145237254A40016277C /* Build configuration list for PBXProject "Contest01" */ = {
			isa = XCConfigurationList;
			buildConfigurations = (
				A56E6165237254A80016277C /* Debug */,
				A56E6166237254A80016277C /* Release */,
			);
			defaultConfigurationIsVisible = 0;
			defaultConfigurationName = Release;
		};
		A56E6167237254A80016277C /* Build configuration list for PBXNativeTarget "Contest01" */ = {
			isa = XCConfigurationList;
			buildConfigurations = (
				A56E6168237254A80016277C /* Debug */,
				A56E6169237254A80016277C /* Release */,
			);
			defaultConfigurationIsVisible = 0;
			defaultConfigurationName = Release;
		};
		A56E616A237254A80016277C /* Build configuration list for PBXNativeTarget "Contest01Tests" */ = {
			isa = XCConfigurationList;
			buildConfigurations = (
				A56E616B237254A80016277C /* Debug */,
				A56E616C237254A80016277C /* Release */,
			);
			defaultConfigurationIsVisible = 0;
			defaultConfigurationName = Release;
		};
/* End XCConfigurationList section */
	};
	rootObject = A56E6142237254A40016277C /* Project object */;
}
